PODS:
  - AFNetworking (4.0.1):
    - AFNetworking/NSURLSession (= 4.0.1)
    - AFNetworking/Reachability (= 4.0.1)
    - AFNetworking/Security (= 4.0.1)
    - AFNetworking/Serialization (= 4.0.1)
    - AFNetworking/UIKit (= 4.0.1)
  - AFNetworking/NSURLSession (4.0.1):
    - AFNetworking/Reachability
    - AFNetworking/Security
    - AFNetworking/Serialization
  - AFNetworking/Reachability (4.0.1)
  - AFNetworking/Security (4.0.1)
  - AFNetworking/Serialization (4.0.1)
  - AFNetworking/UIKit (4.0.1):
    - AFNetworking/NSURLSession
  - CocoaAsyncSocket (7.6.5)
  - FBSnapshotTestCase (2.1.4):
    - FBSnapshotTestCase/SwiftSupport (= 2.1.4)
  - FBSnapshotTestCase/Core (2.1.4)
  - FBSnapshotTestCase/SwiftSupport (2.1.4):
    - FBSnapshotTestCase/Core
  - JDMcdnSDK (0.1.0):
    - AFNetworking (~> 4.0.1)
    - KTVCocoaHTTPServer
    - MJExtension (~> 3.4.1)
  - KTVCocoaHTTPServer (1.0.0):
    - CocoaAsyncSocket
  - MJExtension (3.4.1)

DEPENDENCIES:
  - FBSnapshotTestCase
  - JDMcdnSDK (from `../`)

SPEC REPOS:
  trunk:
    - AFNetworking
    - CocoaAsyncSocket
    - FBSnapshotTestCase
    - KTVCocoaHTTPServer
    - MJExtension

EXTERNAL SOURCES:
  JDMcdnSDK:
    :path: "../"

SPEC CHECKSUMS:
  AFNetworking: 7864c38297c79aaca1500c33288e429c3451fdce
  CocoaAsyncSocket: 065fd1e645c7abab64f7a6a2007a48038fdc6a99
  FBSnapshotTestCase: 094f9f314decbabe373b87cc339bea235a63e07a
  JDMcdnSDK: 5eef87c87e7e471cb10e24de0b75007d2bc12f7d
  KTVCocoaHTTPServer: df8d7b861e603ff8037e9b2138aca2563a6b768d
  MJExtension: 21c5f6f8c4d5d8844b7ae8fbae08fed0b501f961

PODFILE CHECKSUM: bbb1d075408c0e6f0120eeb98ad3ec4adb46e249

COCOAPODS: 1.11.2
